
Microsoft Visual Studio Solution File, Format Version 12.00
# Visual Studio 15
VisualStudioVersion = 15.0.26020.0
MinimumVisualStudioVersion = 10.0.40219.1
Project("{FAE04EC0-301F-11D3-BF4B-00C04F79EFBC}") = "assigment3_kushan_ex01", "assigment3_kushan_ex01\assigment3_kushan_ex01.csproj", "{3A2B9990-7970-43FE-BEB6-25628FD651C1}"
EndProject
Project("{FAE04EC0-301F-11D3-BF4B-00C04F79EFBC}") = "assigment3_kushan_ex02", "assigment3_kushan_ex02\assigment3_kushan_ex02.csproj", "{1DFEAF2A-6A85-4782-B51E-4FCA6F39FDE0}"
EndProject
Project("{FAE04EC0-301F-11D3-BF4B-00C04F79EFBC}") = "assigment3_kushan_ex03", "assigment3_kushan_ex03\assigment3_kushan_ex03.csproj", "{9669F4AD-69FD-4267-8A79-E3F7C1125F8C}"
EndProject
Project("{FAE04EC0-301F-11D3-BF4B-00C04F79EFBC}") = "assigment3_kushan_ex04", "ConsoleApp1\assigment3_kushan_ex04.csproj", "{C965EA1F-92CD-494B-8967-E1F0CB5CBB43}"
EndProject
Global
	GlobalSection(SolutionConfigurationPlatforms) = preSolution
		Debug|Any CPU = Debug|Any CPU
		Release|Any CPU = Release|Any CPU
	EndGlobalSection
	GlobalSection(ProjectConfigurationPlatforms) = postSolution
		{3A2B9990-7970-43FE-BEB6-25628FD651C1}.Debug|Any CPU.ActiveCfg = Debug|Any CPU
		{3A2B9990-7970-43FE-BEB6-25628FD651C1}.Debug|Any CPU.Build.0 = Debug|Any CPU
		{3A2B9990-7970-43FE-BEB6-25628FD651C1}.Release|Any CPU.ActiveCfg = Release|Any CPU
		{3A2B9990-7970-43FE-BEB6-25628FD651C1}.Release|Any CPU.Build.0 = Release|Any CPU
		{1DFEAF2A-6A85-4782-B51E-4FCA6F39FDE0}.Debug|Any CPU.ActiveCfg = Debug|Any CPU
		{1DFEAF2A-6A85-4782-B51E-4FCA6F39FDE0}.Debug|Any CPU.Build.0 = Debug|Any CPU
		{1DFEAF2A-6A85-4782-B51E-4FCA6F39FDE0}.Release|Any CPU.ActiveCfg = Release|Any CPU
		{1DFEAF2A-6A85-4782-B51E-4FCA6F39FDE0}.Release|Any CPU.Build.0 = Release|Any CPU
		{9669F4AD-69FD-4267-8A79-E3F7C1125F8C}.Debug|Any CPU.ActiveCfg = Debug|Any CPU
		{9669F4AD-69FD-4267-8A79-E3F7C1125F8C}.Debug|Any CPU.Build.0 = Debug|Any CPU
		{9669F4AD-69FD-4267-8A79-E3F7C1125F8C}.Release|Any CPU.ActiveCfg = Release|Any CPU
		{9669F4AD-69FD-4267-8A79-E3F7C1125F8C}.Release|Any CPU.Build.0 = Release|Any CPU
		{C965EA1F-92CD-494B-8967-E1F0CB5CBB43}.Debug|Any CPU.ActiveCfg = Debug|Any CPU
		{C965EA1F-92CD-494B-8967-E1F0CB5CBB43}.Debug|Any CPU.Build.0 = Debug|Any CPU
		{C965EA1F-92CD-494B-8967-E1F0CB5CBB43}.Release|Any CPU.ActiveCfg = Release|Any CPU
		{C965EA1F-92CD-494B-8967-E1F0CB5CBB43}.Release|Any CPU.Build.0 = Release|Any CPU
	EndGlobalSection
	GlobalSection(SolutionProperties) = preSolution
		HideSolutionNode = FALSE
	EndGlobalSection
	GlobalSection(TeamFoundationVersionControl) = preSolution
		SccNumberOfProjects = 5
		SccEnterpriseProvider = {4CA58AB2-18FA-4F8D-95D4-32DDF27D184C}
		SccTeamFoundationServer = https://comp316-w17-joshi.visualstudio.com/
		SccLocalPath0 = .
		SccProjectUniqueName1 = assigment3_kushan_ex01\\assigment3_kushan_ex01.csproj
		SccProjectName1 = assigment3_kushan_ex01
		SccLocalPath1 = assigment3_kushan_ex01
		SccProjectUniqueName2 = assigment3_kushan_ex02\\assigment3_kushan_ex02.csproj
		SccProjectName2 = assigment3_kushan_ex02
		SccLocalPath2 = assigment3_kushan_ex02
		SccProjectUniqueName3 = assigment3_kushan_ex03\\assigment3_kushan_ex03.csproj
		SccProjectName3 = assigment3_kushan_ex03
		SccLocalPath3 = assigment3_kushan_ex03
		SccProjectUniqueName4 = ConsoleApp1\\assigment3_kushan_ex04.csproj
		SccProjectName4 = ConsoleApp1
		SccLocalPath4 = ConsoleApp1
	EndGlobalSection
EndGlobal
